github.com/Azure/azure-sdk-for-go v33.0.0+incompatible h1:mYPwQrj9Q8RXx++DcoIEnQe5YZbJGjcjZLThN+1HXYg=
github.com/Azure/azure-sdk-for-go v33.0.0+incompatible/go.mod h1:9XXNKU+eRnpl9moKnB4QOLf1HestfXbmab5FXxiDBjc=
github.com/Azure/azure-sdk-for-go v36.2.0+incompatible h1:09cv2WoH0g6jl6m2iT+R9qcIPZKhXEL0sbmLhxP895s=
github.com/Azure/azure-sdk-for-go v36.2.0+incompatible/go.mod h1:9XXNKU+eRnpl9moKnB4QOLf1HestfXbmab5FXxiDBjc=
github.com/Azure/azure-sdk-for-go v37.1.0+incompatible h1:aFlw3lP7ZHQi4m1kWCpcwYtczhDkGhDoRaMTaxcOf68=
github.com/Azure/azure-sdk-for-go v37.1.0+incompatible/go.mod h1:9XXNKU+eRnpl9moKnB4QOLf1HestfXbmab5FXxiDBjc=
github.com/Azure/azure-sdk-for-go v38.0.0+incompatible h1:3D2O4g8AwDwyWkM1HpMFVux/ccQJmGJHXsE004Wsu1Q=
github.com/Azure/azure-sdk-for-go v38.0.0+incompatible/go.mod h1:9XXNKU+eRnpl9moKnB4QOLf1HestfXbmab5FXxiDBjc=
github.com/Azure/azure-sdk-for-go v45.1.0+incompatible h1:kxtaPD8n2z5Za+9e3sKsYG2IX6PG2R6VXtgS7gAbh3A=
github.com/Azure/azure-sdk-for-go v45.1.0+incompatible/go.mod h1:9XXNKU+eRnpl9moKnB4QOLf1HestfXbmab5FXxiDBjc=
github.com/Azure/azure-sdk-for-go v46.1.0+incompatible h1:e9xxveqrMFRJgj44gychg6jYGfZbwwKhW4wGq9LEG8Q=
github.com/Azure/azure-sdk-for-go v46.1.0+incompatible/go.mod h1:9XXNKU+eRnpl9moKnB4QOLf1HestfXbmab5FXxiDBjc=
github.com/Azure/go-autorest v13.3.0+incompatible h1:8Ix0VdeOllBx9jEcZ2Wb1uqWUpE1awmJiaHztwaJCPk=
github.com/Azure/go-autorest v14.2.0+incompatible h1:V5VMDjClD3GiElqLWO7mz2MxNAK/vTfRHdAubSIPRgs=
github.com/Azure/go-autorest v14.2.0+incompatible/go.mod h1:r+4oMnoxhatjLLJ6zxSWATqVooLgysK6ZNox3g/xq24=
github.com/Azure/go-autorest/autorest v0.9.0/go.mod h1:xyHB1BMZT0cuDHU7I0+g046+BFDTQ8rEZB0s4Yfa6bI=
github.com/Azure/go-autorest/autorest v0.9.2 h1:6AWuh3uWrsZJcNoCHrCF/+g4aKPCU39kaMO6/qrnK/4=
github.com/Azure/go-autorest/autorest v0.9.2/go.mod h1:xyHB1BMZT0cuDHU7I0+g046+BFDTQ8rEZB0s4Yfa6bI=
github.com/Azure/go-autorest/autorest v0.11.0/go.mod h1:JFgpikqFJ/MleTTxwepExTKnFUKKszPS8UavbQYUMuw=
github.com/Azure/go-autorest/autorest v0.11.3 h1:fyYnmYujkIXUgv88D9/Wo2ybE4Zwd/TmQd5sSI5u2Ws=
github.com/Azure/go-autorest/autorest v0.11.3/go.mod h1:JFgpikqFJ/MleTTxwepExTKnFUKKszPS8UavbQYUMuw=
github.com/Azure/go-autorest/autorest/adal v0.5.0/go.mod h1:8Z9fGy2MpX0PvDjB1pEgQTmVqjGhiHBW7RJJEciWzS0=
github.com/Azure/go-autorest/autorest/adal v0.6.0/go.mod h1:Z6vX6WXXuyieHAXwMj0S6HY6e6wcHn37qQMBQlvY3lc=
github.com/Azure/go-autorest/autorest/adal v0.7.0/go.mod h1:Z6vX6WXXuyieHAXwMj0S6HY6e6wcHn37qQMBQlvY3lc=
github.com/Azure/go-autorest/autorest/adal v0.8.0 h1:CxTzQrySOxDnKpLjFJeZAS5Qrv/qFPkgLjx5bOAi//I=
github.com/Azure/go-autorest/autorest/adal v0.8.0/go.mod h1:Z6vX6WXXuyieHAXwMj0S6HY6e6wcHn37qQMBQlvY3lc=
github.com/Azure/go-autorest/autorest/adal v0.9.0/go.mod h1:/c022QCutn2P7uY+/oQWWNcK9YU+MH96NgK+jErpbcg=
github.com/Azure/go-autorest/autorest/adal v0.9.1 h1:xjPqigMQe2+0DAJ5A6MLUPp5D2r2Io8qHCuCMMI/yJU=
github.com/Azure/go-autorest/autorest/adal v0.9.1/go.mod h1:/c022QCutn2P7uY+/oQWWNcK9YU+MH96NgK+jErpbcg=
github.com/Azure/go-autorest/autorest/azure/auth v0.4.0 h1:18ld/uw9Rr7VkNie7a7RMAcFIWrJdlUL59TWGfcu530=
github.com/Azure/go-autorest/autorest/azure/auth v0.4.0/go.mod h1:Oo5cRhLvZteXzI2itUm5ziqsoIxRkzrt3t61FeZaS18=
github.com/Azure/go-autorest/autorest/azure/auth v0.5.0 h1:nSMjYIe24eBYasAIxt859TxyXef/IqoH+8/g4+LmcVs=
github.com/Azure/go-autorest/autorest/azure/auth v0.5.0/go.mod h1:QRTvSZQpxqm8mSErhnbI+tANIBAKP7B+UIE2z4ypUO0=
github.com/Azure/go-autorest/autorest/azure/cli v0.3.0 h1:5PAqnv+CSTwW9mlZWZAizmzrazFWEgZykEZXpr2hDtY=
github.com/Azure/go-autorest/autorest/azure/cli v0.3.0/go.mod h1:rNYMNAefZMRowqCV0cVhr/YDW5dD7afFq9nXAXL4ykE=
github.com/Azure/go-autorest/autorest/azure/cli v0.4.0 h1:Ml+UCrnlKD+cJmSzrZ/RDcDw86NjkRUpnFh7V5JUhzU=
github.com/Azure/go-autorest/autorest/azure/cli v0.4.0/go.mod h1:JljT387FplPzBA31vUcvsetLKF3pec5bdAxjVU4kI2s=
github.com/Azure/go-autorest/autorest/date v0.1.0/go.mod h1:plvfp3oPSKwf2DNjlBjWF/7vwR+cUD/ELuzDCXwHUVA=
github.com/Azure/go-autorest/autorest/date v0.2.0 h1:yW+Zlqf26583pE43KhfnhFcdmSWlm5Ew6bxipnr/tbM=
github.com/Azure/go-autorest/autorest/date v0.2.0/go.mod h1:vcORJHLJEh643/Ioh9+vPmf1Ij9AEBM5FuBIXLmIy0g=
github.com/Azure/go-autorest/autorest/date v0.3.0 h1:7gUk1U5M/CQbp9WoqinNzJar+8KY+LPI6wiWrP/myHw=
github.com/Azure/go-autorest/autorest/date v0.3.0/go.mod h1:BI0uouVdmngYNUzGWeSYnokU+TrmwEsOqdt8Y6sso74=
github.com/Azure/go-autorest/autorest/mocks v0.1.0/go.mod h1:OTyCOPRA2IgIlWxVYxBee2F5Gr4kF2zd2J5cFRaIDN0=
github.com/Azure/go-autorest/autorest/mocks v0.2.0/go.mod h1:OTyCOPRA2IgIlWxVYxBee2F5Gr4kF2zd2J5cFRaIDN0=
github.com/Azure/go-autorest/autorest/mocks v0.3.0/go.mod h1:a8FDP3DYzQ4RYfVAxAN3SVSiiO77gL2j2ronKKP0syM=
github.com/Azure/go-autorest/autorest/mocks v0.4.0/go.mod h1:LTp+uSrOhSkaKrUy935gNZuuIPPVsHlr9DSOxSayd+k=
github.com/Azure/go-autorest/autorest/to v0.3.0 h1:zebkZaadz7+wIQYgC7GXaz3Wb28yKYfVkkBKwc38VF8=
github.com/Azure/go-autorest/autorest/to v0.3.0/go.mod h1:MgwOyqaIuKdG4TL/2ywSsIWKAfJfgHDo8ObuUk3t5sA=
github.com/Azure/go-autorest/autorest/to v0.4.0 h1:oXVqrxakqqV1UZdSazDOPOLvOIz+XA683u8EctwboHk=
github.com/Azure/go-autorest/autorest/to v0.4.0/go.mod h1:fE8iZBn7LQR7zH/9XU2NcPR4o9jEImooCeWJcYV/zLE=
github.com/Azure/go-autorest/autorest/validation v0.2.0 h1:15vMO4y76dehZSq7pAaOLQxC6dZYsSrj2GQpflyM/L4=
github.com/Azure/go-autorest/autorest/validation v0.2.0/go.mod h1:3EEqHnBxQGHXRYq3HT1WyXAvT7LLY3tl70hw6tQIbjI=
github.com/Azure/go-autorest/autorest/validation v0.3.0 h1:3I9AAI63HfcLtphd9g39ruUwRI+Ca+z/f36KHPFRUss=
github.com/Azure/go-autorest/autorest/validation v0.3.0/go.mod h1:yhLgjC0Wda5DYXl6JAsWyUe4KVNffhoDhG0zVzUMo3E=
github.com/Azure/go-autorest/logger v0.1.0 h1:ruG4BSDXONFRrZZJ2GUXDiUyVpayPmb1GnWeHDdaNKY=
github.com/Azure/go-autorest/logger v0.1.0/go.mod h1:oExouG+K6PryycPJfVSxi/koC6LSNgds39diKLz7Vrc=
github.com/Azure/go-autorest/logger v0.2.0 h1:e4RVHVZKC5p6UANLJHkM4OfR1UKZPj8Wt8Pcx+3oqrE=
github.com/Azure/go-autorest/logger v0.2.0/go.mod h1:T9E3cAhj2VqvPOtCYAvby9aBXkZmbF5NWuPV8+WeEW8=
github.com/Azure/go-autorest/tracing v0.5.0 h1:TRn4WjSnkcSy5AEG3pnbtFSwNtwzjr4VYyQflFE619k=
github.com/Azure/go-autorest/tracing v0.5.0/go.mod h1:r/s2XiOKccPW3HrqB+W0TQzfbtp2fGCgRFtBroKn4Dk=
github.com/Azure/go-autorest/tracing v0.6.0 h1:TYi4+3m5t6K48TGI9AUdb+IzbnSxvnvUMfuitfgcfuo=
github.com/Azure/go-autorest/tracing v0.6.0/go.mod h1:+vhtPC754Xsa23ID7GlGsrdKBpUA79WCAKPPZVC2DeU=
github.com/davecgh/go-spew v1.1.0/go.mod h1:J7Y8YcW2NihsgmVo/mv3lAwl/skON4iLHjSsI+c5H38=
github.com/dgrijalva/jwt-go v3.2.0+incompatible h1:7qlOGliEKZXTDg6OTjfoBKDXWrumCAMpl/TFQ4/5kLM=
github.com/dgrijalva/jwt-go v3.2.0+incompatible/go.mod h1:E3ru+11k8xSBh+hMPgOLZmtrrCbhqsmaPHjLKYnJCaQ=
github.com/dimchansky/utfbom v1.1.0 h1:FcM3g+nofKgUteL8dm/UpdRXNC9KmADgTpLKsu0TRo4=
github.com/dimchansky/utfbom v1.1.0/go.mod h1:rO41eb7gLfo8SF1jd9F8HplJm1Fewwi4mQvIirEdv+8=
github.com/mitchellh/go-homedir v1.1.0 h1:lukF9ziXFxDFPkA1vsr5zpc1XuPDn/wFntq5mG+4E0Y=
github.com/mitchellh/go-homedir v1.1.0/go.mod h1:SfyaCUpYCn1Vlf4IUYiD9fPX4A5wJrkLzIz1N1q0pr0=
github.com/pmezard/go-difflib v1.0.0/go.mod h1:iKH77koFhYxTK1pcRnkKkqfTogsbg7gZNVY4sRDYZ/4=
github.com/stretchr/objx v0.1.0/go.mod h1:HFkY916IF+rwdDfMAkV7OtwuqBVzrE8GR6GFx+wExME=
github.com/stretchr/testify v1.3.0/go.mod h1:M5WIy9Dh21IEIfnGCwXGc5bZfKNJtfHm1UVUgZn+9EI=
github.com/yelinaung/go-haikunator v0.0.0-20150320004105-1249cae259af h1:q8vvhFu/wCz94XJxzF0hCzfNxIb6E+dTRIsh9vsWAsI=
github.com/yelinaung/go-haikunator v0.0.0-20150320004105-1249cae259af/go.mod h1:jGDZu6LyiOPbvJqHW0320zIqCODGq8zYdVS0ZE6Jlso=
golang.org/x/crypto v0.0.0-20190308221718-c2843e01d9a2/go.mod h1:djNgcEr1/C05ACkg1iLfiJU5Ep61QUkGW8qpdssI0+w=
golang.org/x/crypto v0.0.0-20190418165655-df01cb2cc480 h1:O5YqonU5IWby+w98jVUG9h7zlCWCcH4RHyPVReBmhzk=
golang.org/x/crypto v0.0.0-20190418165655-df01cb2cc480/go.mod h1:WFFai1msRO1wXaEeE5yQxYXgSfI8pQAWXbQop6sCtWE=
golang.org/x/crypto v0.0.0-20200622213623-75b288015ac9 h1:psW17arqaxU48Z5kZ0CQnkZWQJsqcURM6tKiBApRjXI=
golang.org/x/crypto v0.0.0-20200622213623-75b288015ac9/go.mod h1:LzIPMQfyMNhhGPhUkYOs5KpL4U8rLKemX1yGLhDgUto=
golang.org/x/net v0.0.0-20190404232315-eb5bcb51f2a3/go.mod h1:t9HGtf8HONx5eT2rtn7q6eTqICYqUVnKs3thJo3Qplg=
golang.org/x/sys v0.0.0-20190215142949-d0b11bdaac8a/go.mod h1:STP8DvDyc/dI5b8T5hshtkjS+E42TnysNCUPdjciGhY=
golang.org/x/sys v0.0.0-20190403152447-81d4e9dc473e h1:nFYrTHrdrAOpShe27kaFHjsqYSEQ0KWqdWLu3xuZJts=
golang.org/x/sys v0.0.0-20190403152447-81d4e9dc473e/go.mod h1:h1NjWce9XRLGQEsW7wpKNCjG9DtNlClVuFLEZdDNbEs=
golang.org/x/sys v0.0.0-20190412213103-97732733099d h1:+R4KGOnez64A81RvjARKc4UT5/tI9ujCIVX+P5KiHuI=
golang.org/x/sys v0.0.0-20190412213103-97732733099d/go.mod h1:h1NjWce9XRLGQEsW7wpKNCjG9DtNlClVuFLEZdDNbEs=
golang.org/x/text v0.3.0/go.mod h1:NqM8EUOU14njkJ3fqMW+pc6Ldnwhi/IjpwHt7yyuwOQ=
